[[package]]
name = "aes"
version = "0.1.0"
source = "registry+https://github.com/rust-lang/crates.io-index"
dependencies = [
 "aes-soft 0.1.0 (registry+https://github.com/rust-lang/crates.io-index)",
 "aesni 0.3.5 (registry+https://github.com/rust-lang/crates.io-index)",
 "block-cipher-trait 0.5.2 (registry+https://github.com/rust-lang/crates.io-index)",
]

[[package]]
name = "aes-soft"
version = "0.1.0"
source = "registry+https://github.com/rust-lang/crates.io-index"
dependencies = [
 "block-cipher-trait 0.5.2 (registry+https://github.com/rust-lang/crates.io-index)",
 "byte-tools 0.2.0 (registry+https://github.com/rust-lang/crates.io-index)",
 "opaque-debug 0.1.1 (registry+https://github.com/rust-lang/crates.io-index)",
]

[[package]]
name = "aesni"
version = "0.3.5"
source = "registry+https://github.com/rust-lang/crates.io-index"
dependencies = [
 "block-cipher-trait 0.5.2 (registry+https://github.com/rust-lang/crates.io-index)",
 "opaque-debug 0.1.1 (registry+https://github.com/rust-lang/crates.io-index)",
]

[[package]]
name = "block-cipher-trait"
version = "0.5.2"
source = "registry+https://github.com/rust-lang/crates.io-index"
dependencies = [
 "generic-array 0.9.0 (registry+https://github.com/rust-lang/crates.io-index)",
]

[[package]]
name = "block-modes"
version = "0.1.0"
source = "registry+https://github.com/rust-lang/crates.io-index"
dependencies = [
 "block-cipher-trait 0.5.2 (registry+https://github.com/rust-lang/crates.io-index)",
 "block-padding 0.1.0 (registry+https://github.com/rust-lang/crates.io-index)",
]

[[package]]
name = "block-padding"
version = "0.1.0"
source = "registry+https://github.com/rust-lang/crates.io-index"

[[package]]
name = "byte-tools"
version = "0.2.0"
source = "registry+https://github.com/rust-lang/crates.io-index"

[[package]]
name = "cryptasm"
version = "0.1.0"
dependencies = [
 "aes 0.1.0 (registry+https://github.com/rust-lang/crates.io-index)",
 "block-modes 0.1.0 (registry+https://github.com/rust-lang/crates.io-index)",
 "wasm-bindgen 0.2.11 (git+https://github.com/rustwasm/wasm-bindgen)",
]

[[package]]
name = "dtoa"
version = "0.4.3"
source = "registry+https://github.com/rust-lang/crates.io-index"

[[package]]
name = "generic-array"
version = "0.9.0"
source = "registry+https://github.com/rust-lang/crates.io-index"
dependencies = [
 "typenum 1.10.0 (registry+https://github.com/rust-lang/crates.io-index)",
]

[[package]]
name = "itoa"
version = "0.4.2"
source = "registry+https://github.com/rust-lang/crates.io-index"

[[package]]
name = "opaque-debug"
version = "0.1.1"
source = "registry+https://github.com/rust-lang/crates.io-index"

[[package]]
name = "proc-macro2"
version = "0.4.8"
source = "registry+https://github.com/rust-lang/crates.io-index"
dependencies = [
 "unicode-xid 0.1.0 (registry+https://github.com/rust-lang/crates.io-index)",
]

[[package]]
name = "quote"
version = "0.6.3"
source = "registry+https://github.com/rust-lang/crates.io-index"
dependencies = [
 "proc-macro2 0.4.8 (registry+https://github.com/rust-lang/crates.io-index)",
]

[[package]]
name = "serde"
version = "1.0.70"
source = "registry+https://github.com/rust-lang/crates.io-index"

[[package]]
name = "serde_derive"
version = "1.0.70"
source = "registry+https://github.com/rust-lang/crates.io-index"
dependencies = [
 "proc-macro2 0.4.8 (registry+https://github.com/rust-lang/crates.io-index)",
 "quote 0.6.3 (registry+https://github.com/rust-lang/crates.io-index)",
 "syn 0.14.4 (registry+https://github.com/rust-lang/crates.io-index)",
]

[[package]]
name = "serde_json"
version = "1.0.24"
source = "registry+https://github.com/rust-lang/crates.io-index"
dependencies = [
 "dtoa 0.4.3 (registry+https://github.com/rust-lang/crates.io-index)",
 "itoa 0.4.2 (registry+https://github.com/rust-lang/crates.io-index)",
 "serde 1.0.70 (registry+https://github.com/rust-lang/crates.io-index)",
]

[[package]]
name = "syn"
version = "0.14.4"
source = "registry+https://github.com/rust-lang/crates.io-index"
dependencies = [
 "proc-macro2 0.4.8 (registry+https://github.com/rust-lang/crates.io-index)",
 "quote 0.6.3 (registry+https://github.com/rust-lang/crates.io-index)",
 "unicode-xid 0.1.0 (registry+https://github.com/rust-lang/crates.io-index)",
]

[[package]]
name = "typenum"
version = "1.10.0"
source = "registry+https://github.com/rust-lang/crates.io-index"

[[package]]
name = "unicode-xid"
version = "0.1.0"
source = "registry+https://github.com/rust-lang/crates.io-index"

[[package]]
name = "wasm-bindgen"
version = "0.2.11"
source = "git+https://github.com/rustwasm/wasm-bindgen#ed05c7b9454905f15488714619950a55cd3c8d2d"
dependencies = [
 "wasm-bindgen-macro 0.2.11 (git+https://github.com/rustwasm/wasm-bindgen)",
]

[[package]]
name = "wasm-bindgen-backend"
version = "0.2.11"
source = "git+https://github.com/rustwasm/wasm-bindgen#ed05c7b9454905f15488714619950a55cd3c8d2d"
dependencies = [
 "proc-macro2 0.4.8 (registry+https://github.com/rust-lang/crates.io-index)",
 "quote 0.6.3 (registry+https://github.com/rust-lang/crates.io-index)",
 "serde_json 1.0.24 (registry+https://github.com/rust-lang/crates.io-index)",
 "syn 0.14.4 (registry+https://github.com/rust-lang/crates.io-index)",
 "wasm-bindgen-shared 0.2.11 (git+https://github.com/rustwasm/wasm-bindgen)",
]

[[package]]
name = "wasm-bindgen-macro"
version = "0.2.11"
source = "git+https://github.com/rustwasm/wasm-bindgen#ed05c7b9454905f15488714619950a55cd3c8d2d"
dependencies = [
 "proc-macro2 0.4.8 (registry+https://github.com/rust-lang/crates.io-index)",
 "quote 0.6.3 (registry+https://github.com/rust-lang/crates.io-index)",
 "syn 0.14.4 (registry+https://github.com/rust-lang/crates.io-index)",
 "wasm-bindgen-backend 0.2.11 (git+https://github.com/rustwasm/wasm-bindgen)",
 "wasm-bindgen-shared 0.2.11 (git+https://github.com/rustwasm/wasm-bindgen)",
]

[[package]]
name = "wasm-bindgen-shared"
version = "0.2.11"
source = "git+https://github.com/rustwasm/wasm-bindgen#ed05c7b9454905f15488714619950a55cd3c8d2d"
dependencies = [
 "serde 1.0.70 (registry+https://github.com/rust-lang/crates.io-index)",
 "serde_derive 1.0.70 (registry+https://github.com/rust-lang/crates.io-index)",
]

[metadata]
"checksum aes 0.1.0 (registry+https://github.com/rust-lang/crates.io-index)" = "0275405eedf13afd19de588add12a3b0d481a50b194eeb826e9dece11e741331"
"checksum aes-soft 0.1.0 (registry+https://github.com/rust-lang/crates.io-index)" = "91f401742d8c1b0a3d01f53563f98d8ef0beea460b8d37322faf9fb4c7977cfa"
"checksum aesni 0.3.5 (registry+https://github.com/rust-lang/crates.io-index)" = "b1ca074691b47c3dc585e05e45f6d069c75d0209069ca09b1c49ea37720e7b5f"
"checksum block-cipher-trait 0.5.2 (registry+https://github.com/rust-lang/crates.io-index)" = "bd4e45002699a6d10345f5fee7a99545e5bcf3be02d631d7fff9217f8d3cebbd"
"checksum block-modes 0.1.0 (registry+https://github.com/rust-lang/crates.io-index)" = "862511b40f91a3305dc119fdfdc25b561779f78828495e41b71d360b8c9f56df"
"checksum block-padding 0.1.0 (registry+https://github.com/rust-lang/crates.io-index)" = "75bc2cfa52dc218b47ea000b15e6e5d00ca2f831db31e41592383c14d8802907"
"checksum byte-tools 0.2.0 (registry+https://github.com/rust-lang/crates.io-index)" = "560c32574a12a89ecd91f5e742165893f86e3ab98d21f8ea548658eb9eef5f40"
"checksum dtoa 0.4.3 (registry+https://github.com/rust-lang/crates.io-index)" = "6d301140eb411af13d3115f9a562c85cc6b541ade9dfa314132244aaee7489dd"
"checksum generic-array 0.9.0 (registry+https://github.com/rust-lang/crates.io-index)" = "ef25c5683767570c2bbd7deba372926a55eaae9982d7726ee2a1050239d45b9d"
"checksum itoa 0.4.2 (registry+https://github.com/rust-lang/crates.io-index)" = "5adb58558dcd1d786b5f0bd15f3226ee23486e24b7b58304b60f64dc68e62606"
"checksum opaque-debug 0.1.1 (registry+https://github.com/rust-lang/crates.io-index)" = "d620c9c26834b34f039489ac0dfdb12c7ac15ccaf818350a64c9b5334a452ad7"
"checksum proc-macro2 0.4.8 (registry+https://github.com/rust-lang/crates.io-index)" = "c65b1ea15bb859d922cade2d1765b4b88beac339cbfad545ef2d2ef8c8215ee6"
"checksum quote 0.6.3 (registry+https://github.com/rust-lang/crates.io-index)" = "e44651a0dc4cdd99f71c83b561e221f714912d11af1a4dff0631f923d53af035"
"checksum serde 1.0.70 (registry+https://github.com/rust-lang/crates.io-index)" = "0c3adf19c07af6d186d91dae8927b83b0553d07ca56cbf7f2f32560455c91920"
"checksum serde_derive 1.0.70 (registry+https://github.com/rust-lang/crates.io-index)" = "3525a779832b08693031b8ecfb0de81cd71cfd3812088fafe9a7496789572124"
"checksum serde_json 1.0.24 (registry+https://github.com/rust-lang/crates.io-index)" = "c3c6908c7b925cd6c590358a4034de93dbddb20c45e1d021931459fd419bf0e2"
"checksum syn 0.14.4 (registry+https://github.com/rust-lang/crates.io-index)" = "2beff8ebc3658f07512a413866875adddd20f4fd47b2a4e6c9da65cd281baaea"
"checksum typenum 1.10.0 (registry+https://github.com/rust-lang/crates.io-index)" = "612d636f949607bdf9b123b4a6f6d966dedf3ff669f7f045890d3a4a73948169"
"checksum unicode-xid 0.1.0 (registry+https://github.com/rust-lang/crates.io-index)" = "fc72304796d0818e357ead4e000d19c9c174ab23dc11093ac919054d20a6a7fc"
"checksum wasm-bindgen 0.2.11 (git+https://github.com/rustwasm/wasm-bindgen)" = "<none>"
"checksum wasm-bindgen-backend 0.2.11 (git+https://github.com/rustwasm/wasm-bindgen)" = "<none>"
"checksum wasm-bindgen-macro 0.2.11 (git+https://github.com/rustwasm/wasm-bindgen)" = "<none>"
"checksum wasm-bindgen-shared 0.2.11 (git+https://github.com/rustwasm/wasm-bindgen)" = "<none>"
